# Generated by scripts/publish-kde6-webrtc.sh; commit this file.
WEBRTC_VERSION_LOCKED=1.28.2
WEBRTC_COMMIT=c708254
WEBRTC_TARBALL_URL=https://cache.ali.wodcloud.com/vscode/bdwind/bdwind-webrtc-1.28.2-c708254.tar.gz
WEBRTC_TARBALL_SHA256=fed5437a7c63a9b36f673379fb66fb29caeef697aa87c35195d7a0bb136eb9aa
