# Generated by scripts/publish-kde6-webrtc.sh; commit this file.
WEBRTC_VERSION_LOCKED=1.28.5
WEBRTC_COMMIT=e886c24
WEBRTC_TARBALL_URL=https://cache.ali.wodcloud.com/vscode/bdwind/bdwind-webrtc-1.28.5-e886c24.tar.gz
WEBRTC_TARBALL_SHA256=29f9df672c18d2b0f72947930f22427dfd8c14bc1ac300b06077dca13b381199
