# Generated by scripts/publish-kde6-webrtc.sh; commit this file.
WEBRTC_VERSION_LOCKED=1.28.2
WEBRTC_COMMIT=ffc085b
WEBRTC_TARBALL_URL=https://cache.ali.wodcloud.com/vscode/bdwind/bdwind-webrtc-1.28.2-ffc085b.tar.gz
WEBRTC_TARBALL_SHA256=a626ad4956b2ec795f158c593bca34f8af043d87b57ca5774f37e18b4ba81786
