# Generated by scripts/publish-kde6-gstreamer.sh; commit this file.
GSTREAMER_VERSION_LOCKED=1.28.5
GSTREAMER_COMMIT=3c2aab5
GSTREAMER_BUILDER_REF=registry.cn-qingdao.aliyuncs.com/wod/beagle-wind-vnc@sha256:67920116a4e3e0502ade08eb862b68b449cec050413b7e51fd9a4495812b228a
GSTREAMER_TARBALL_URL=https://cache.ali.wodcloud.com/vscode/bdwind/bdwind-gstreamer-1.28.5-ubuntu2604-3c2aab5.tar.gz
GSTREAMER_TARBALL_SHA256=ad5f4256ba440915cb9faf965c21ec4264ec872931442de2296e8bcbc74f823c
