# Generated by scripts/publish-kde6-gstreamer.sh; commit this file.
GSTREAMER_VERSION_LOCKED=1.28.6
GSTREAMER_COMMIT=eb4a6d8f55ca7c34aafde2d96e3839f318ed321a
GSTREAMER_BUILDER_REF=registry.cn-qingdao.aliyuncs.com/wod/beagle-wind-vnc:build-1.28.6-ubuntu2604
GSTREAMER_TARBALL_URL=https://cache.ali.wodcloud.com/vscode/bdwind/bdwind-gstreamer-1.28.6-ubuntu2604-eb4a6d8f55ca7c34aafde2d96e3839f318ed321a.tar.gz
GSTREAMER_TARBALL_SHA256=8a2b9728e68751e7e6e7ceae513ef3f81163d7445a5189ea300014e0ba65b9ac
