# Generated by scripts/publish-kde6-gstreamer.sh; commit this file.
GSTREAMER_VERSION_LOCKED=1.28.5
GSTREAMER_COMMIT=df6b2d3
GSTREAMER_TARBALL_URL=https://cache.ali.wodcloud.com/vscode/bdwind/bdwind-gstreamer-1.28.5-ubuntu2604-df6b2d3.tar.gz
GSTREAMER_TARBALL_SHA256=fa3abb5c4f8bb562d801090cf8837eab8210730e31d204e343ceb224f1f01d2c
